// !$*UTF8*$!
{
	archiveVersion = 1;
	classes = {
	};
	objectVersion = 46;
	objects = {

/* Begin PBXBuildFile section */
		914F5F531BA67C4000510003 /* AppDelegate.swift in Sources */ = {isa = PBXBuildFile; fileRef = 914F5F521BA67C4000510003 /* AppDelegate.swift */; };
		914F5F551BA67C4000510003 /* ViewController.swift in Sources */ = {isa = PBXBuildFile; fileRef = 914F5F541BA67C4000510003 /* ViewController.swift */; };
		914F5F581BA67C4000510003 /* Main.storyboard in Resources */ = {isa = PBXBuildFile; fileRef = 914F5F561BA67C4000510003 /* Main.storyboard */; };
		914F5F5A1BA67C4000510003 /* Assets.xcassets in Resources */ = {isa = PBXBuildFile; fileRef = 914F5F591BA67C4000510003 /* Assets.xcassets */; };
		914F5F5D1BA67C4000510003 /* LaunchScreen.storyboard in Resources */ = {isa = PBXBuildFile; fileRef = 914F5F5B1BA67C4000510003 /* LaunchScreen.storyboard */; };
		914F5F731BA6A89F00510003 /* UIStackView+NewAutoLayoutView.swift in Sources */ = {isa = PBXBuildFile; fileRef = 914F5F721BA6A89F00510003 /* UIStackView+NewAutoLayoutView.swift */; };
/* End PBXBuildFile section */

/* Begin PBXFileReference section */
		914F5F4F1BA67C4000510003 /* CodeStackViewDemo.app */ = {isa = PBXFileReference; explicitFileType = wrapper.application; includeInIndex = 0; path = CodeStackViewDemo.app; sourceTree = BUILT_PRODUCTS_DIR; };
		914F5F521BA67C4000510003 /* AppDelegate.swift */ = {isa = PBXFileReference; lastKnownFileType = sourcecode.swift; path = AppDelegate.swift; sourceTree = "<group>"; };
		914F5F541BA67C4000510003 /* ViewController.swift */ = {isa = PBXFileReference; lastKnownFileType = sourcecode.swift; path = ViewController.swift; sourceTree = "<group>"; };
		914F5F571BA67C4000510003 /* Base */ = {isa = PBXFileReference; lastKnownFileType = file.storyboard; name = Base; path = Base.lproj/Main.storyboard; sourceTree = "<group>"; };
		914F5F591BA67C4000510003 /* Assets.xcassets */ = {isa = PBXFileReference; lastKnownFileType = folder.assetcatalog; path = Assets.xcassets; sourceTree = "<group>"; };
		914F5F5C1BA67C4000510003 /* Base */ = {isa = PBXFileReference; lastKnownFileType = file.storyboard; name = Base; path = Base.lproj/LaunchScreen.storyboard; sourceTree = "<group>"; };
		914F5F5E1BA67C4000510003 /* Info.plist */ = {isa = PBXFileReference; lastKnownFileType = text.plist.xml; path = Info.plist; sourceTree = "<group>"; };
		914F5F721BA6A89F00510003 /* UIStackView+NewAutoLayoutView.swift */ = {isa = PBXFileReference; fileEncoding = 4; lastKnownFileType = sourcecode.swift; path = "UIStackView+NewAutoLayoutView.swift"; sourceTree = "<group>"; };
/* End PBXFileReference section */

/* Begin PBXFrameworksBuildPhase section */
		914F5F4C1BA67C4000510003 /* Frameworks */ = {
			isa = PBXFrameworksBuildPhase;
			buildActionMask = 2147483647;
			files = (
			);
			runOnlyForDeploymentPostprocessing = 0;
		};
/* End PBXFrameworksBuildPhase section */

/* Begin PBXGroup section */
		914F5F461BA67C4000510003 = {
			isa = PBXGroup;
			children = (
				914F5F511BA67C4000510003 /* CodeStackViewDemo */,
				914F5F501BA67C4000510003 /* Products */,
			);
			sourceTree = "<group>";
		};
		914F5F501BA67C4000510003 /* Products */ = {
			isa = PBXGroup;
			children = (
				914F5F4F1BA67C4000510003 /* CodeStackViewDemo.app */,
			);
			name = Products;
			sourceTree = "<group>";
		};
		914F5F511BA67C4000510003 /* CodeStackViewDemo */ = {
			isa = PBXGroup;
			children = (
				914F5F521BA67C4000510003 /* AppDelegate.swift */,
				914F5F541BA67C4000510003 /* ViewController.swift */,
				914F5F721BA6A89F00510003 /* UIStackView+NewAutoLayoutView.swift */,
				914F5F561BA67C4000510003 /* Main.storyboard */,
				914F5F591BA67C4000510003 /* Assets.xcassets */,
				914F5F5B1BA67C4000510003 /* LaunchScreen.storyboard */,
				914F5F5E1BA67C4000510003 /* Info.plist */,
			);
			path = CodeStackViewDemo;
			sourceTree = "<group>";
		};
/* End PBXGroup section */

/* Begin PBXNativeTarget section */
		914F5F4E1BA67C4000510003 /* CodeStackViewDemo */ = {
			isa = PBXNativeTarget;
			buildConfigurationList = 914F5F611BA67C4000510003 /* Build configuration list for PBXNativeTarget "CodeStackViewDemo" */;
			buildPhases = (
				914F5F4B1BA67C4000510003 /* Sources */,
				914F5F4C1BA67C4000510003 /* Frameworks */,
				914F5F4D1BA67C4000510003 /* Resources */,
			);
			buildRules = (
			);
			dependencies = (
			);
			name = CodeStackViewDemo;
			productName = CodeStackViewDemo;
			productReference = 914F5F4F1BA67C4000510003 /* CodeStackViewDemo.app */;
			productType = "com.apple.product-type.application";
		};
/* End PBXNativeTarget section */

/* Begin PBXProject section */
		914F5F471BA67C4000510003 /* Project object */ = {
			isa = PBXProject;
			attributes = {
				LastUpgradeCheck = 0700;
				ORGANIZATIONNAME = FasaMo;
				TargetAttributes = {
					914F5F4E1BA67C4000510003 = {
						CreatedOnToolsVersion = 7.0;
						DevelopmentTeam = 6S39J88BUB;
					};
				};
			};
			buildConfigurationList = 914F5F4A1BA67C4000510003 /* Build configuration list for PBXProject "CodeStackViewDemo" */;
			compatibilityVersion = "Xcode 3.2";
			developmentRegion = English;
			hasScannedForEncodings = 0;
			knownRegions = (
				en,
				Base,
			);
			mainGroup = 914F5F461BA67C4000510003;
			productRefGroup = 914F5F501BA67C4000510003 /* Products */;
			projectDirPath = "";
			projectRoot = "";
			targets = (
				914F5F4E1BA67C4000510003 /* CodeStackViewDemo */,
			);
		};
/* End PBXProject section */

/* Begin PBXResourcesBuildPhase section */
		914F5F4D1BA67C4000510003 /* Resources */ = {
			isa = PBXResourcesBuildPhase;
			buildActionMask = 2147483647;
			files = (
				914F5F5D1BA67C4000510003 /* LaunchScreen.storyboard in Resources */,
				914F5F5A1BA67C4000510003 /* Assets.xcassets in Resources */,
				914F5F581BA67C4000510003 /* Main.storyboard in Resources */,
			);
			runOnlyForDeploymentPostprocessing = 0;
		};
/* End PBXResourcesBuildPhase section */

/* Begin PBXSourcesBuildPhase section */
		914F5F4B1BA67C4000510003 /* Sources */ = {
			isa = PBXSourcesBuildPhase;
			buildActionMask = 2147483647;
			files = (
				914F5F731BA6A89F00510003 /* UIStackView+NewAutoLayoutView.swift in Sources */,
				914F5F551BA67C4000510003 /* ViewController.swift in Sources */,
				914F5F531BA67C4000510003 /* AppDelegate.swift in Sources */,
			);
			runOnlyForDeploymentPostprocessing = 0;
		};
/* End PBXSourcesBuildPhase section */

/* Begin PBXVariantGroup section */
		914F5F561BA67C4000510003 /* Main.storyboard */ = {
			isa = PBXVariantGroup;
			children = (
				914F5F571BA67C4000510003 /* Base */,
			);
			name = Main.storyboard;
			sourceTree = "<group>";
		};
		914F5F5B1BA67C4000510003 /* LaunchScreen.storyboard */ = {
			isa = PBXVariantGroup;
			children = (
				914F5F5C1BA67C4000510003 /* Base */,
			);
			name = LaunchScreen.storyboard;
			sourceTree = "<group>";
		};
/* End PBXVariantGroup section */

/* Begin XCBuildConfiguration section */
		914F5F5F1BA67C4000510003 /* Debug */ = {
			isa = XCBuildConfiguration;
			buildSettings = {
				ALWAYS_SEARCH_USER_PATHS = NO;
				CLANG_CXX_LANGUAGE_STANDARD = "gnu++0x";
				CLANG_CXX_LIBRARY = "libc++";
				CLANG_ENABLE_MODULES = YES;
				CLANG_ENABLE_OBJC_ARC = YES;
				CLANG_WARN_BOOL_CONVERSION = YES;
				CLANG_WARN_CONSTANT_CONVERSION = YES;
				CLANG_WARN_DIRECT_OBJC_ISA_USAGE = YES_ERROR;
				CLANG_WARN_EMPTY_BODY = YES;
				CLANG_WARN_ENUM_CONVERSION = YES;
				CLANG_WARN_INT_CONVERSION = YES;
				CLANG_WARN_OBJC_ROOT_CLASS = YES_ERROR;
				CLANG_WARN_UNREACHABLE_CODE = YES;
				CLANG_WARN__DUPLICATE_METHOD_MATCH = YES;
				CODE_SIGN_IDENTITY = "iPhone Developer: Zijian Mo (4XW59YU3V9)";
				"CODE_SIGN_IDENTITY[sdk=iphoneos*]" = "iPhone Developer: Zijian Mo (4XW59YU3V9)";
				COPY_PHASE_STRIP = NO;
				DEBUG_INFORMATION_FORMAT = dwarf;
				ENABLE_STRICT_OBJC_MSGSEND = YES;
				ENABLE_TESTABILITY = YES;
				GCC_C_LANGUAGE_STANDARD = gnu99;
				GCC_DYNAMIC_NO_PIC = NO;
				GCC_NO_COMMON_BLOCKS = YES;
				GCC_OPTIMIZATION_LEVEL = 0;
				GCC_PREPROCESSOR_DEFINITIONS = (
					"DEBUG=1",
					"$(inherited)",
				);
				GCC_WARN_64_TO_32_BIT_CONVERSION = YES;
				GCC_WARN_ABOUT_RETURN_TYPE = YES_ERROR;
				GCC_WARN_UNDECLARED_SELECTOR = YES;
				GCC_WARN_UNINITIALIZED_AUTOS = YES_AGGRESSIVE;
				GCC_WARN_UNUSED_FUNCTION = YES;
				GCC_WARN_UNUSED_VARIABLE = YES;
				IPHONEOS_DEPLOYMENT_TARGET = 9.0;
				MTL_ENABLE_DEBUG_INFO = YES;
				ONLY_ACTIVE_ARCH = YES;
				PROVISIONING_PROFILE = "a9fc5dcb-6e59-4332-94fa-2607d5050cdc";
				SDKROOT = iphoneos;
				SWIFT_OPTIMIZATION_LEVEL = "-Onone";
				TARGETED_DEVICE_FAMILY = "1,2";
			};
			name = Debug;
		};
		914F5F601BA67C4000510003 /* Release */ = {
			isa = XCBuildConfiguration;
			buildSettings = {
				ALWAYS_SEARCH_USER_PATHS = NO;
				CLANG_CXX_LANGUAGE_STANDARD = "gnu++0x";
				CLANG_CXX_LIBRARY = "libc++";
				CLANG_ENABLE_MODULES = YES;
				CLANG_ENABLE_OBJC_ARC = YES;
				CLANG_WARN_BOOL_CONVERSION = YES;
				CLANG_WARN_CONSTANT_CONVERSION = YES;
				CLANG_WARN_DIRECT_OBJC_ISA_USAGE = YES_ERROR;
				CLANG_WARN_EMPTY_BODY = YES;
				CLANG_WARN_ENUM_CONVERSION = YES;
				CLANG_WARN_INT_CONVERSION = YES;
				CLANG_WARN_OBJC_ROOT_CLASS = YES_ERROR;
				CLANG_WARN_UNREACHABLE_CODE = YES;
				CLANG_WARN__DUPLICATE_METHOD_MATCH = YES;
				CODE_SIGN_IDENTITY = "iPhone Developer: Zijian Mo (4XW59YU3V9)";
				"CODE_SIGN_IDENTITY[sdk=iphoneos*]" = "iPhone Developer: Zijian Mo (4XW59YU3V9)";
				COPY_PHASE_STRIP = NO;
				DEBUG_INFORMATION_FORMAT = "dwarf-with-dsym";
				ENABLE_NS_ASSERTIONS = NO;
				ENABLE_STRICT_OBJC_MSGSEND = YES;
				GCC_C_LANGUAGE_STANDARD = gnu99;
				GCC_NO_COMMON_BLOCKS = YES;
				GCC_WARN_64_TO_32_BIT_CONVERSION = YES;
				GCC_WARN_ABOUT_RETURN_TYPE = YES_ERROR;
				GCC_WARN_UNDECLARED_SELECTOR = YES;
				GCC_WARN_UNINITIALIZED_AUTOS = YES_AGGRESSIVE;
				GCC_WARN_UNUSED_FUNCTION = YES;
				GCC_WARN_UNUSED_VARIABLE = YES;
				IPHONEOS_DEPLOYMENT_TARGET = 9.0;
				MTL_ENABLE_DEBUG_INFO = NO;
				PROVISIONING_PROFILE = "a9fc5dcb-6e59-4332-94fa-2607d5050cdc";
				SDKROOT = iphoneos;
				TARGETED_DEVICE_FAMILY = "1,2";
				VALIDATE_PRODUCT = YES;
			};
			name = Release;
		};
		914F5F621BA67C4000510003 /* Debug */ = {
			isa = XCBuildConfiguration;
			buildSettings = {
				ASSETCATALOG_COMPILER_APPICON_NAME = AppIcon;
				CODE_SIGN_IDENTITY = "iPhone Developer: Zijian Mo (4XW59YU3V9)";
				INFOPLIST_FILE = CodeStackViewDemo/Info.plist;
				LD_RUNPATH_SEARCH_PATHS = "$(inherited) @executable_path/Frameworks";
				PRODUCT_BUNDLE_IDENTIFIER = Mo.Fasa.ArgoFan;
				PRODUCT_NAME = "$(TARGET_NAME)";
				PROVISIONING_PROFILE = "a9fc5dcb-6e59-4332-94fa-2607d5050cdc";
				SWIFT_OBJC_BRIDGING_HEADER = "";
			};
			name = Debug;
		};
		914F5F631BA67C4000510003 /* Release */ = {
			isa = XCBuildConfiguration;
			buildSettings = {
				ASSETCATALOG_COMPILER_APPICON_NAME = AppIcon;
				CODE_SIGN_IDENTITY = "iPhone Developer: Zijian Mo (4XW59YU3V9)";
				"CODE_SIGN_IDENTITY[sdk=iphoneos*]" = "iPhone Developer: Zijian Mo (4XW59YU3V9)";
				INFOPLIST_FILE = CodeStackViewDemo/Info.plist;
				LD_RUNPATH_SEARCH_PATHS = "$(inherited) @executable_path/Frameworks";
				PRODUCT_BUNDLE_IDENTIFIER = Mo.Fasa.ArgoFan;
				PRODUCT_NAME = "$(TARGET_NAME)";
				PROVISIONING_PROFILE = "a9fc5dcb-6e59-4332-94fa-2607d5050cdc";
				SWIFT_OBJC_BRIDGING_HEADER = "";
			};
			name = Release;
		};
/* End XCBuildConfiguration section */

/* Begin XCConfigurationList section */
		914F5F4A1BA67C4000510003 /* Build configuration list for PBXProject "CodeStackViewDemo" */ = {
			isa = XCConfigurationList;
			buildConfigurations = (
				914F5F5F1BA67C4000510003 /* Debug */,
				914F5F601BA67C4000510003 /* Release */,
			);
			defaultConfigurationIsVisible = 0;
			defaultConfigurationName = Release;
		};
		914F5F611BA67C4000510003 /* Build configuration list for PBXNativeTarget "CodeStackViewDemo" */ = {
			isa = XCConfigurationList;
			buildConfigurations = (
				914F5F621BA67C4000510003 /* Debug */,
				914F5F631BA67C4000510003 /* Release */,
			);
			defaultConfigurationIsVisible = 0;
			defaultConfigurationName = Release;
		};
/* End XCConfigurationList section */
	};
	rootObject = 914F5F471BA67C4000510003 /* Project object */;
}
